PODS:
  - Brightcove-Player-Core/dynamic (6.3.11)

DEPENDENCIES:
  - Brightcove-Player-Core/dynamic (>= 6.3)

SPEC REPOS:
  https://github.com/brightcove/BrightcoveSpecs.git:
    - Brightcove-Player-Core

SPEC CHECKSUMS:
  Brightcove-Player-Core: 2984d9852c0cffad76949e95172db22c20380266

PODFILE CHECKSUM: 49517db9bc4da0872dc5fe558258bbf9d3cbc8f7

COCOAPODS: 1.5.3
